
Microsoft Visual Studio Solution File, Format Version 12.00
# Visual Studio Version 17
VisualStudioVersion = 17.2.32526.322
MinimumVisualStudioVersion = 10.0.40219.1
Project("{FAE04EC0-301F-11D3-BF4B-00C04F79EFBC}") = "Frontend", "Frontend\Frontend.csproj", "{407ABA5F-D5F6-4D46-AD26-D575FDC69C10}"
EndProject
Global
	GlobalSection(SolutionConfigurationPlatforms) = preSolution
		Debug|Any CPU = Debug|Any CPU
		Release|Any CPU = Release|Any CPU
	EndGlobalSection
	GlobalSection(ProjectConfigurationPlatforms) = postSolution
		{407ABA5F-D5F6-4D46-AD26-D575FDC69C10}.Debug|Any CPU.ActiveCfg = Debug|Any CPU
		{407ABA5F-D5F6-4D46-AD26-D575FDC69C10}.Debug|Any CPU.Build.0 = Debug|Any CPU
		{407ABA5F-D5F6-4D46-AD26-D575FDC69C10}.Release|Any CPU.ActiveCfg = Release|Any CPU
		{407ABA5F-D5F6-4D46-AD26-D575FDC69C10}.Release|Any CPU.Build.0 = Release|Any CPU
	EndGlobalSection
	GlobalSection(SolutionProperties) = preSolution
		HideSolutionNode = FALSE
	EndGlobalSection
	GlobalSection(ExtensibilityGlobals) = postSolution
		SolutionGuid = {60033B5A-AE0C-4A79-8DD1-1DDEB8BC3177}
	EndGlobalSection
EndGlobal
